// !$*UTF8*$!
{
	archiveVersion = 1;
	classes = {
	};
	objectVersion = 51;
	objects = {

/* Begin PBXBuildFile section */
		51BA0D9E816B703DAE5F4DA5 /* Pods_Till.framework in Frameworks */ = {isa = PBXBuildFile; fileRef = 591464C963A344AD0D82D531 /* Pods_Till.framework */; };
		C40379C623594C5100F64867 /* OpenGallary.swift in Sources */ = {isa = PBXBuildFile; fileRef = C40379C523594C5100F64867 /* OpenGallary.swift */; };
		C40379C8235A394000F64867 /* ImageHelper.swift in Sources */ = {isa = PBXBuildFile; fileRef = C40379C7235A394000F64867 /* ImageHelper.swift */; };
		C40379CA235A396000F64867 /* AddView.swift in Sources */ = {isa = PBXBuildFile; fileRef = C40379C9235A396000F64867 /* AddView.swift */; };
		C40379CC235A3A0B00F64867 /* BoxView.swift in Sources */ = {isa = PBXBuildFile; fileRef = C40379CB235A3A0B00F64867 /* BoxView.swift */; };
		C40996FE2433FB7A008100DB /* CalendarManager.swift in Sources */ = {isa = PBXBuildFile; fileRef = C40996FD2433FB7A008100DB /* CalendarManager.swift */; };
		C441B0F52437D94B00A1BDC8 /* CloudKit.framework in Frameworks */ = {isa = PBXBuildFile; fileRef = C441B0F42437D94B00A1BDC8 /* CloudKit.framework */; };
		C452E837235E4E4200FDBC5B /* EditView.swift in Sources */ = {isa = PBXBuildFile; fileRef = C452E836235E4E4200FDBC5B /* EditView.swift */; };
		C452E83D235FAABB00FDBC5B /* UnsplashPickerViewController.swift in Sources */ = {isa = PBXBuildFile; fileRef = C452E83C235FAABB00FDBC5B /* UnsplashPickerViewController.swift */; };
		C473535124678D7A00688821 /* NotificationCenter.framework in Frameworks */ = {isa = PBXBuildFile; fileRef = C473535024678D7A00688821 /* NotificationCenter.framework */; };
		C473535424678D7A00688821 /* TodayViewController.swift in Sources */ = {isa = PBXBuildFile; fileRef = C473535324678D7A00688821 /* TodayViewController.swift */; };
		C473535724678D7A00688821 /* MainInterface.storyboard in Resources */ = {isa = PBXBuildFile; fileRef = C473535524678D7A00688821 /* MainInterface.storyboard */; };
		C473535B24678D7A00688821 /* Countdowns.appex in Embed App Extensions */ = {isa = PBXBuildFile; fileRef = C473534F24678D7A00688821 /* Countdowns.appex */; settings = {ATTRIBUTES = (RemoveHeadersOnCopy, ); }; };
		C4735361246790EF00688821 /* URL+Ext.swift in Sources */ = {isa = PBXBuildFile; fileRef = C4735360246790EF00688821 /* URL+Ext.swift */; };
		C4735362246790EF00688821 /* URL+Ext.swift in Sources */ = {isa = PBXBuildFile; fileRef = C4735360246790EF00688821 /* URL+Ext.swift */; };
		C47353632467911000688821 /* Till.xcdatamodeld in Sources */ = {isa = PBXBuildFile; fileRef = C4B5F144235933C300182891 /* Till.xcdatamodeld */; };
		C47353642467923A00688821 /* Event.swift in Sources */ = {isa = PBXBuildFile; fileRef = C4B5F1472359345000182891 /* Event.swift */; };
		C47353652467956200688821 /* AppDelegate.swift in Sources */ = {isa = PBXBuildFile; fileRef = C4DB30DD2357DFF700EE6663 /* AppDelegate.swift */; };
		C473536824679FD800688821 /* EventCell.xib in Resources */ = {isa = PBXBuildFile; fileRef = C473536724679FD800688821 /* EventCell.xib */; };
		C473536924679FD800688821 /* EventCell.xib in Resources */ = {isa = PBXBuildFile; fileRef = C473536724679FD800688821 /* EventCell.xib */; };
		C473536B2467A17000688821 /* EventCell.swift in Sources */ = {isa = PBXBuildFile; fileRef = C473536A2467A17000688821 /* EventCell.swift */; };
		C473536C2467A17000688821 /* EventCell.swift in Sources */ = {isa = PBXBuildFile; fileRef = C473536A2467A17000688821 /* EventCell.swift */; };
		C4B5F146235933C300182891 /* Till.xcdatamodeld in Sources */ = {isa = PBXBuildFile; fileRef = C4B5F144235933C300182891 /* Till.xcdatamodeld */; };
		C4B5F1482359345000182891 /* Event.swift in Sources */ = {isa = PBXBuildFile; fileRef = C4B5F1472359345000182891 /* Event.swift */; };
		C4D11076235AAD2800C2984A /* EventView.swift in Sources */ = {isa = PBXBuildFile; fileRef = C4D11075235AAD2800C2984A /* EventView.swift */; };
		C4DB30DE2357DFF700EE6663 /* AppDelegate.swift in Sources */ = {isa = PBXBuildFile; fileRef = C4DB30DD2357DFF700EE6663 /* AppDelegate.swift */; };
		C4DB30E02357DFF700EE6663 /* SceneDelegate.swift in Sources */ = {isa = PBXBuildFile; fileRef = C4DB30DF2357DFF700EE6663 /* SceneDelegate.swift */; };
		C4DB30E22357DFF700EE6663 /* ContentView.swift in Sources */ = {isa = PBXBuildFile; fileRef = C4DB30E12357DFF700EE6663 /* ContentView.swift */; };
		C4DB30E42357DFF900EE6663 /* Assets.xcassets in Resources */ = {isa = PBXBuildFile; fileRef = C4DB30E32357DFF900EE6663 /* Assets.xcassets */; };
		C4DB30E72357DFF900EE6663 /* Preview Assets.xcassets in Resources */ = {isa = PBXBuildFile; fileRef = C4DB30E62357DFF900EE6663 /* Preview Assets.xcassets */; };
		C4DB30EA2357DFF900EE6663 /* LaunchScreen.storyboard in Resources */ = {isa = PBXBuildFile; fileRef = C4DB30E82357DFF900EE6663 /* LaunchScreen.storyboard */; };
		C4DF2D8A2432C24000A0C772 /* InstagramManager.swift in Sources */ = {isa = PBXBuildFile; fileRef = C4DF2D892432C23F00A0C772 /* InstagramManager.swift */; };
		C4DF2D8C2432C6D500A0C772 /* InstagramStory.xib in Resources */ = {isa = PBXBuildFile; fileRef = C4DF2D8B2432C6D500A0C772 /* InstagramStory.xib */; };
		C4DF2D8E2432C79900A0C772 /* InstagramStory.swift in Sources */ = {isa = PBXBuildFile; fileRef = C4DF2D8D2432C79900A0C772 /* InstagramStory.swift */; };
/* End PBXBuildFile section */

/* Begin PBXContainerItemProxy section */
		C473535924678D7A00688821 /* PBXContainerItemProxy */ = {
			isa = PBXContainerItemProxy;
			containerPortal = C4DB30D22357DFF700EE6663 /* Project object */;
			proxyType = 1;
			remoteGlobalIDString = C473534E24678D7A00688821;
			remoteInfo = Countdowns;
		};
/* End PBXContainerItemProxy section */

/* Begin PBXCopyFilesBuildPhase section */
		C473535C24678D7A00688821 /* Embed App Extensions */ = {
			isa = PBXCopyFilesBuildPhase;
			buildActionMask = 2147483647;
			dstPath = "";
			dstSubfolderSpec = 13;
			files = (
				C473535B24678D7A00688821 /* Countdowns.appex in Embed App Extensions */,
			);
			name = "Embed App Extensions";
			runOnlyForDeploymentPostprocessing = 0;
		};
/* End PBXCopyFilesBuildPhase section */

/* Begin PBXFileReference section */
		36A3352AFB43C0E83563C3DC /* Pods-Till.release.xcconfig */ = {isa = PBXFileReference; includeInIndex = 1; lastKnownFileType = text.xcconfig; name = "Pods-Till.release.xcconfig"; path = "Target Support Files/Pods-Till/Pods-Till.release.xcconfig"; sourceTree = "<group>"; };
		591464C963A344AD0D82D531 /* Pods_Till.framework */ = {isa = PBXFileReference; explicitFileType = wrapper.framework; includeInIndex = 0; path = Pods_Till.framework; sourceTree = BUILT_PRODUCTS_DIR; };
		63929712306151C1AE0CE9B8 /* Pods-Till.debug.xcconfig */ = {isa = PBXFileReference; includeInIndex = 1; lastKnownFileType = text.xcconfig; name = "Pods-Till.debug.xcconfig"; path = "Target Support Files/Pods-Till/Pods-Till.debug.xcconfig"; sourceTree = "<group>"; };
		C40379C523594C5100F64867 /* OpenGallary.swift */ = {isa = PBXFileReference; lastKnownFileType = sourcecode.swift; path = OpenGallary.swift; sourceTree = "<group>"; };
		C40379C7235A394000F64867 /* ImageHelper.swift */ = {isa = PBXFileReference; lastKnownFileType = sourcecode.swift; path = ImageHelper.swift; sourceTree = "<group>"; };
		C40379C9235A396000F64867 /* AddView.swift */ = {isa = PBXFileReference; lastKnownFileType = sourcecode.swift; path = AddView.swift; sourceTree = "<group>"; };
		C40379CB235A3A0B00F64867 /* BoxView.swift */ = {isa = PBXFileReference; lastKnownFileType = sourcecode.swift; path = BoxView.swift; sourceTree = "<group>"; };
		C40996FD2433FB7A008100DB /* CalendarManager.swift */ = {isa = PBXFileReference; lastKnownFileType = sourcecode.swift; path = CalendarManager.swift; sourceTree = "<group>"; };
		C441B0F32437D87700A1BDC8 /* Till.entitlements */ = {isa = PBXFileReference; lastKnownFileType = text.plist.entitlements; path = Till.entitlements; sourceTree = "<group>"; };
		C441B0F42437D94B00A1BDC8 /* CloudKit.framework */ = {isa = PBXFileReference; lastKnownFileType = wrapper.framework; name = CloudKit.framework; path = System/Library/Frameworks/CloudKit.framework; sourceTree = SDKROOT; };
		C452E836235E4E4200FDBC5B /* EditView.swift */ = {isa = PBXFileReference; lastKnownFileType = sourcecode.swift; path = EditView.swift; sourceTree = "<group>"; };
		C452E83C235FAABB00FDBC5B /* UnsplashPickerViewController.swift */ = {isa = PBXFileReference; lastKnownFileType = sourcecode.swift; path = UnsplashPickerViewController.swift; sourceTree = "<group>"; };
		C473534F24678D7A00688821 /* Countdowns.appex */ = {isa = PBXFileReference; explicitFileType = "wrapper.app-extension"; includeInIndex = 0; path = Countdowns.appex; sourceTree = BUILT_PRODUCTS_DIR; };
		C473535024678D7A00688821 /* NotificationCenter.framework */ = {isa = PBXFileReference; lastKnownFileType = wrapper.framework; name = NotificationCenter.framework; path = System/Library/Frameworks/NotificationCenter.framework; sourceTree = SDKROOT; };
		C473535324678D7A00688821 /* TodayViewController.swift */ = {isa = PBXFileReference; lastKnownFileType = sourcecode.swift; path = TodayViewController.swift; sourceTree = "<group>"; };
		C473535624678D7A00688821 /* Base */ = {isa = PBXFileReference; lastKnownFileType = file.storyboard; name = Base; path = Base.lproj/MainInterface.storyboard; sourceTree = "<group>"; };
		C473535824678D7A00688821 /* Info.plist */ = {isa = PBXFileReference; lastKnownFileType = text.plist.xml; path = Info.plist; sourceTree = "<group>"; };
		C4735360246790EF00688821 /* URL+Ext.swift */ = {isa = PBXFileReference; lastKnownFileType = sourcecode.swift; path = "URL+Ext.swift"; sourceTree = "<group>"; };
		C4735366246797D800688821 /* Countdowns.entitlements */ = {isa = PBXFileReference; lastKnownFileType = text.plist.entitlements; path = Countdowns.entitlements; sourceTree = "<group>"; };
		C473536724679FD800688821 /* EventCell.xib */ = {isa = PBXFileReference; lastKnownFileType = file.xib; path = EventCell.xib; sourceTree = "<group>"; };
		C473536A2467A17000688821 /* EventCell.swift */ = {isa = PBXFileReference; lastKnownFileType = sourcecode.swift; path = EventCell.swift; sourceTree = "<group>"; };
		C4B5F145235933C300182891 /* Model.xcdatamodel */ = {isa = PBXFileReference; lastKnownFileType = wrapper.xcdatamodel; path = Model.xcdatamodel; sourceTree = "<group>"; };
		C4B5F1472359345000182891 /* Event.swift */ = {isa = PBXFileReference; lastKnownFileType = sourcecode.swift; path = Event.swift; sourceTree = "<group>"; };
		C4D11075235AAD2800C2984A /* EventView.swift */ = {isa = PBXFileReference; lastKnownFileType = sourcecode.swift; path = EventView.swift; sourceTree = "<group>"; };
		C4DB30DA2357DFF700EE6663 /* Till.app */ = {isa = PBXFileReference; explicitFileType = wrapper.application; includeInIndex = 0; path = Till.app; sourceTree = BUILT_PRODUCTS_DIR; };
		C4DB30DD2357DFF700EE6663 /* AppDelegate.swift */ = {isa = PBXFileReference; lastKnownFileType = sourcecode.swift; path = AppDelegate.swift; sourceTree = "<group>"; };
		C4DB30DF2357DFF700EE6663 /* SceneDelegate.swift */ = {isa = PBXFileReference; lastKnownFileType = sourcecode.swift; path = SceneDelegate.swift; sourceTree = "<group>"; };
		C4DB30E12357DFF700EE6663 /* ContentView.swift */ = {isa = PBXFileReference; lastKnownFileType = sourcecode.swift; path = ContentView.swift; sourceTree = "<group>"; };
		C4DB30E32357DFF900EE6663 /* Assets.xcassets */ = {isa = PBXFileReference; lastKnownFileType = folder.assetcatalog; path = Assets.xcassets; sourceTree = "<group>"; };
		C4DB30E62357DFF900EE6663 /* Preview Assets.xcassets */ = {isa = PBXFileReference; lastKnownFileType = folder.assetcatalog; path = "Preview Assets.xcassets"; sourceTree = "<group>"; };
		C4DB30E92357DFF900EE6663 /* Base */ = {isa = PBXFileReference; lastKnownFileType = file.storyboard; name = Base; path = Base.lproj/LaunchScreen.storyboard; sourceTree = "<group>"; };
		C4DB30EB2357DFF900EE6663 /* Info.plist */ = {isa = PBXFileReference; lastKnownFileType = text.plist.xml; path = Info.plist; sourceTree = "<group>"; };
		C4DF2D892432C23F00A0C772 /* InstagramManager.swift */ = {isa = PBXFileReference; fileEncoding = 4; lastKnownFileType = sourcecode.swift; path = InstagramManager.swift; sourceTree = "<group>"; };
		C4DF2D8B2432C6D500A0C772 /* InstagramStory.xib */ = {isa = PBXFileReference; lastKnownFileType = file.xib; path = InstagramStory.xib; sourceTree = "<group>"; };
		C4DF2D8D2432C79900A0C772 /* InstagramStory.swift */ = {isa = PBXFileReference; lastKnownFileType = sourcecode.swift; path = InstagramStory.swift; sourceTree = "<group>"; };
/* End PBXFileReference section */

/* Begin PBXFrameworksBuildPhase section */
		C473534C24678D7A00688821 /* Frameworks */ = {
			isa = PBXFrameworksBuildPhase;
			buildActionMask = 2147483647;
			files = (
				C473535124678D7A00688821 /* NotificationCenter.framework in Frameworks */,
			);
			runOnlyForDeploymentPostprocessing = 0;
		};
		C4DB30D72357DFF700EE6663 /* Frameworks */ = {
			isa = PBXFrameworksBuildPhase;
			buildActionMask = 2147483647;
			files = (
				51BA0D9E816B703DAE5F4DA5 /* Pods_Till.framework in Frameworks */,
				C441B0F52437D94B00A1BDC8 /* CloudKit.framework in Frameworks */,
			);
			runOnlyForDeploymentPostprocessing = 0;
		};
/* End PBXFrameworksBuildPhase section */

/* Begin PBXGroup section */
		0579A87A9958568FCBC99EBD /* Pods */ = {
			isa = PBXGroup;
			children = (
				63929712306151C1AE0CE9B8 /* Pods-Till.debug.xcconfig */,
				36A3352AFB43C0E83563C3DC /* Pods-Till.release.xcconfig */,
			);
			path = Pods;
			sourceTree = "<group>";
		};
		2B934BAA73FEE04D3F39FABD /* Frameworks */ = {
			isa = PBXGroup;
			children = (
				C441B0F42437D94B00A1BDC8 /* CloudKit.framework */,
				591464C963A344AD0D82D531 /* Pods_Till.framework */,
				C473535024678D7A00688821 /* NotificationCenter.framework */,
			);
			name = Frameworks;
			sourceTree = "<group>";
		};
		C43108B92395CC7500325A29 /* Extensions */ = {
			isa = PBXGroup;
			children = (
				C4DF2D892432C23F00A0C772 /* InstagramManager.swift */,
				C40996FD2433FB7A008100DB /* CalendarManager.swift */,
				C4735360246790EF00688821 /* URL+Ext.swift */,
			);
			path = Extensions;
			sourceTree = "<group>";
		};
		C473535224678D7A00688821 /* Countdowns */ = {
			isa = PBXGroup;
			children = (
				C4735366246797D800688821 /* Countdowns.entitlements */,
				C473535324678D7A00688821 /* TodayViewController.swift */,
				C473535524678D7A00688821 /* MainInterface.storyboard */,
				C473535824678D7A00688821 /* Info.plist */,
				C473536724679FD800688821 /* EventCell.xib */,
				C473536A2467A17000688821 /* EventCell.swift */,
			);
			path = Countdowns;
			sourceTree = "<group>";
		};
		C4DB30D12357DFF700EE6663 = {
			isa = PBXGroup;
			children = (
				C4DB30DC2357DFF700EE6663 /* Till */,
				C473535224678D7A00688821 /* Countdowns */,
				C4DB30DB2357DFF700EE6663 /* Products */,
				0579A87A9958568FCBC99EBD /* Pods */,
				2B934BAA73FEE04D3F39FABD /* Frameworks */,
			);
			sourceTree = "<group>";
		};
		C4DB30DB2357DFF700EE6663 /* Products */ = {
			isa = PBXGroup;
			children = (
				C4DB30DA2357DFF700EE6663 /* Till.app */,
				C473534F24678D7A00688821 /* Countdowns.appex */,
			);
			name = Products;
			sourceTree = "<group>";
		};
		C4DB30DC2357DFF700EE6663 /* Till */ = {
			isa = PBXGroup;
			children = (
				C441B0F32437D87700A1BDC8 /* Till.entitlements */,
				C43108B92395CC7500325A29 /* Extensions */,
				C4DB30DD2357DFF700EE6663 /* AppDelegate.swift */,
				C4DB30DF2357DFF700EE6663 /* SceneDelegate.swift */,
				C4DB30E12357DFF700EE6663 /* ContentView.swift */,
				C4B5F1472359345000182891 /* Event.swift */,
				C4DB30E32357DFF900EE6663 /* Assets.xcassets */,
				C4DB30E82357DFF900EE6663 /* LaunchScreen.storyboard */,
				C4B5F144235933C300182891 /* Till.xcdatamodeld */,
				C4DB30EB2357DFF900EE6663 /* Info.plist */,
				C4DB30E52357DFF900EE6663 /* Preview Content */,
				C40379C523594C5100F64867 /* OpenGallary.swift */,
				C40379C7235A394000F64867 /* ImageHelper.swift */,
				C40379C9235A396000F64867 /* AddView.swift */,
				C40379CB235A3A0B00F64867 /* BoxView.swift */,
				C4D11075235AAD2800C2984A /* EventView.swift */,
				C452E836235E4E4200FDBC5B /* EditView.swift */,
				C452E83C235FAABB00FDBC5B /* UnsplashPickerViewController.swift */,
				C4DF2D8B2432C6D500A0C772 /* InstagramStory.xib */,
				C4DF2D8D2432C79900A0C772 /* InstagramStory.swift */,
			);
			path = Till;
			sourceTree = "<group>";
		};
		C4DB30E52357DFF900EE6663 /* Preview Content */ = {
			isa = PBXGroup;
			children = (
				C4DB30E62357DFF900EE6663 /* Preview Assets.xcassets */,
			);
			path = "Preview Content";
			sourceTree = "<group>";
		};
/* End PBXGroup section */

/* Begin PBXNativeTarget section */
		C473534E24678D7A00688821 /* Countdowns */ = {
			isa = PBXNativeTarget;
			buildConfigurationList = C473535F24678D7A00688821 /* Build configuration list for PBXNativeTarget "Countdowns" */;
			buildPhases = (
				C473534B24678D7A00688821 /* Sources */,
				C473534C24678D7A00688821 /* Frameworks */,
				C473534D24678D7A00688821 /* Resources */,
			);
			buildRules = (
			);
			dependencies = (
			);
			name = Countdowns;
			productName = Countdowns;
			productReference = C473534F24678D7A00688821 /* Countdowns.appex */;
			productType = "com.apple.product-type.app-extension";
		};
		C4DB30D92357DFF700EE6663 /* Till */ = {
			isa = PBXNativeTarget;
			buildConfigurationList = C4DB30EE2357DFF900EE6663 /* Build configuration list for PBXNativeTarget "Till" */;
			buildPhases = (
				040DFA35ED0C92A3FBBE46A2 /* [CP] Check Pods Manifest.lock */,
				C4DB30D62357DFF700EE6663 /* Sources */,
				C4DB30D72357DFF700EE6663 /* Frameworks */,
				C4DB30D82357DFF700EE6663 /* Resources */,
				C184B9337FF7A1037F49D050 /* [CP] Embed Pods Frameworks */,
				C473535C24678D7A00688821 /* Embed App Extensions */,
			);
			buildRules = (
			);
			dependencies = (
				C473535A24678D7A00688821 /* PBXTargetDependency */,
			);
			name = Till;
			productName = Till;
			productReference = C4DB30DA2357DFF700EE6663 /* Till.app */;
			productType = "com.apple.product-type.application";
		};
/* End PBXNativeTarget section */

/* Begin PBXProject section */
		C4DB30D22357DFF700EE6663 /* Project object */ = {
			isa = PBXProject;
			attributes = {
				LastSwiftUpdateCheck = 1140;
				LastUpgradeCheck = 1100;
				ORGANIZATIONNAME = "Isis Ramirez";
				TargetAttributes = {
					C473534E24678D7A00688821 = {
						CreatedOnToolsVersion = 11.4.1;
					};
					C4DB30D92357DFF700EE6663 = {
						CreatedOnToolsVersion = 11.0;
					};
				};
			};
			buildConfigurationList = C4DB30D52357DFF700EE6663 /* Build configuration list for PBXProject "Till" */;
			compatibilityVersion = "Xcode 9.3";
			developmentRegion = en;
			hasScannedForEncodings = 0;
			knownRegions = (
				en,
				Base,
			);
			mainGroup = C4DB30D12357DFF700EE6663;
			productRefGroup = C4DB30DB2357DFF700EE6663 /* Products */;
			projectDirPath = "";
			projectRoot = "";
			targets = (
				C4DB30D92357DFF700EE6663 /* Till */,
				C473534E24678D7A00688821 /* Countdowns */,
			);
		};
/* End PBXProject section */

/* Begin PBXResourcesBuildPhase section */
		C473534D24678D7A00688821 /* Resources */ = {
			isa = PBXResourcesBuildPhase;
			buildActionMask = 2147483647;
			files = (
				C473536924679FD800688821 /* EventCell.xib in Resources */,
				C473535724678D7A00688821 /* MainInterface.storyboard in Resources */,
			);
			runOnlyForDeploymentPostprocessing = 0;
		};
		C4DB30D82357DFF700EE6663 /* Resources */ = {
			isa = PBXResourcesBuildPhase;
			buildActionMask = 2147483647;
			files = (
				C473536824679FD800688821 /* EventCell.xib in Resources */,
				C4DB30EA2357DFF900EE6663 /* LaunchScreen.storyboard in Resources */,
				C4DB30E72357DFF900EE6663 /* Preview Assets.xcassets in Resources */,
				C4DF2D8C2432C6D500A0C772 /* InstagramStory.xib in Resources */,
				C4DB30E42357DFF900EE6663 /* Assets.xcassets in Resources */,
			);
			runOnlyForDeploymentPostprocessing = 0;
		};
/* End PBXResourcesBuildPhase section */

/* Begin PBXShellScriptBuildPhase section */
		040DFA35ED0C92A3FBBE46A2 /* [CP] Check Pods Manifest.lock */ = {
			isa = PBXShellScriptBuildPhase;
			buildActionMask = 2147483647;
			files = (
			);
			inputFileListPaths = (
			);
			inputPaths = (
				"${PODS_PODFILE_DIR_PATH}/Podfile.lock",
				"${PODS_ROOT}/Manifest.lock",
			);
			name = "[CP] Check Pods Manifest.lock";
			outputFileListPaths = (
			);
			outputPaths = (
				"$(DERIVED_FILE_DIR)/Pods-Till-checkManifestLockResult.txt",
			);
			runOnlyForDeploymentPostprocessing = 0;
			shellPath = /bin/sh;
			shellScript = "diff \"${PODS_PODFILE_DIR_PATH}/Podfile.lock\" \"${PODS_ROOT}/Manifest.lock\" > /dev/null\nif [ $? != 0 ] ; then\n    # print error to STDERR\n    echo \"error: The sandbox is not in sync with the Podfile.lock. Run 'pod install' or update your CocoaPods installation.\" >&2\n    exit 1\nfi\n# This output is used by Xcode 'outputs' to avoid re-running this script phase.\necho \"SUCCESS\" > \"${SCRIPT_OUTPUT_FILE_0}\"\n";
			showEnvVarsInLog = 0;
		};
		C184B9337FF7A1037F49D050 /* [CP] Embed Pods Frameworks */ = {
			isa = PBXShellScriptBuildPhase;
			buildActionMask = 2147483647;
			files = (
			);
			inputFileListPaths = (
				"${PODS_ROOT}/Target Support Files/Pods-Till/Pods-Till-frameworks-${CONFIGURATION}-input-files.xcfilelist",
			);
			name = "[CP] Embed Pods Frameworks";
			outputFileListPaths = (
				"${PODS_ROOT}/Target Support Files/Pods-Till/Pods-Till-frameworks-${CONFIGURATION}-output-files.xcfilelist",
			);
			runOnlyForDeploymentPostprocessing = 0;
			shellPath = /bin/sh;
			shellScript = "\"${PODS_ROOT}/Target Support Files/Pods-Till/Pods-Till-frameworks.sh\"\n";
			showEnvVarsInLog = 0;
		};
/* End PBXShellScriptBuildPhase section */

/* Begin PBXSourcesBuildPhase section */
		C473534B24678D7A00688821 /* Sources */ = {
			isa = PBXSourcesBuildPhase;
			buildActionMask = 2147483647;
			files = (
				C47353642467923A00688821 /* Event.swift in Sources */,
				C473535424678D7A00688821 /* TodayViewController.swift in Sources */,
				C4735362246790EF00688821 /* URL+Ext.swift in Sources */,
				C47353652467956200688821 /* AppDelegate.swift in Sources */,
				C473536C2467A17000688821 /* EventCell.swift in Sources */,
				C47353632467911000688821 /* Till.xcdatamodeld in Sources */,
			);
			runOnlyForDeploymentPostprocessing = 0;
		};
		C4DB30D62357DFF700EE6663 /* Sources */ = {
			isa = PBXSourcesBuildPhase;
			buildActionMask = 2147483647;
			files = (
				C4DF2D8E2432C79900A0C772 /* InstagramStory.swift in Sources */,
				C4DB30DE2357DFF700EE6663 /* AppDelegate.swift in Sources */,
				C4DB30E02357DFF700EE6663 /* SceneDelegate.swift in Sources */,
				C452E837235E4E4200FDBC5B /* EditView.swift in Sources */,
				C4DB30E22357DFF700EE6663 /* ContentView.swift in Sources */,
				C473536B2467A17000688821 /* EventCell.swift in Sources */,
				C452E83D235FAABB00FDBC5B /* UnsplashPickerViewController.swift in Sources */,
				C4DF2D8A2432C24000A0C772 /* InstagramManager.swift in Sources */,
				C4735361246790EF00688821 /* URL+Ext.swift in Sources */,
				C4B5F146235933C300182891 /* Till.xcdatamodeld in Sources */,
				C40379CA235A396000F64867 /* AddView.swift in Sources */,
				C40996FE2433FB7A008100DB /* CalendarManager.swift in Sources */,
				C40379C623594C5100F64867 /* OpenGallary.swift in Sources */,
				C4B5F1482359345000182891 /* Event.swift in Sources */,
				C40379C8235A394000F64867 /* ImageHelper.swift in Sources */,
				C40379CC235A3A0B00F64867 /* BoxView.swift in Sources */,
				C4D11076235AAD2800C2984A /* EventView.swift in Sources */,
			);
			runOnlyForDeploymentPostprocessing = 0;
		};
/* End PBXSourcesBuildPhase section */

/* Begin PBXTargetDependency section */
		C473535A24678D7A00688821 /* PBXTargetDependency */ = {
			isa = PBXTargetDependency;
			target = C473534E24678D7A00688821 /* Countdowns */;
			targetProxy = C473535924678D7A00688821 /* PBXContainerItemProxy */;
		};
/* End PBXTargetDependency section */

/* Begin PBXVariantGroup section */
		C473535524678D7A00688821 /* MainInterface.storyboard */ = {
			isa = PBXVariantGroup;
			children = (
				C473535624678D7A00688821 /* Base */,
			);
			name = MainInterface.storyboard;
			sourceTree = "<group>";
		};
		C4DB30E82357DFF900EE6663 /* LaunchScreen.storyboard */ = {
			isa = PBXVariantGroup;
			children = (
				C4DB30E92357DFF900EE6663 /* Base */,
			);
			name = LaunchScreen.storyboard;
			sourceTree = "<group>";
		};
/* End PBXVariantGroup section */

/* Begin XCBuildConfiguration section */
		C473535D24678D7A00688821 /* Debug */ = {
			isa = XCBuildConfiguration;
			buildSettings = {
				CODE_SIGN_ENTITLEMENTS = Countdowns/Countdowns.entitlements;
				CODE_SIGN_STYLE = Automatic;
				DEVELOPMENT_TEAM = KPNMCQ7J3G;
				INFOPLIST_FILE = Countdowns/Info.plist;
				IPHONEOS_DEPLOYMENT_TARGET = 13.4;
				LD_RUNPATH_SEARCH_PATHS = (
					"$(inherited)",
					"@executable_path/Frameworks",
					"@executable_path/../../Frameworks",
				);
				PRODUCT_BUNDLE_IDENTIFIER = com.isisnaomi.till.Till.Countdowns;
				PRODUCT_NAME = "$(TARGET_NAME)";
				SKIP_INSTALL = YES;
				SWIFT_VERSION = 5.0;
				TARGETED_DEVICE_FAMILY = "1,2";
			};
			name = Debug;
		};
		C473535E24678D7A00688821 /* Release */ = {
			isa = XCBuildConfiguration;
			buildSettings = {
				CODE_SIGN_ENTITLEMENTS = Countdowns/Countdowns.entitlements;
				CODE_SIGN_STYLE = Automatic;
				DEVELOPMENT_TEAM = KPNMCQ7J3G;
				INFOPLIST_FILE = Countdowns/Info.plist;
				IPHONEOS_DEPLOYMENT_TARGET = 13.4;
				LD_RUNPATH_SEARCH_PATHS = (
					"$(inherited)",
					"@executable_path/Frameworks",
					"@executable_path/../../Frameworks",
				);
				PRODUCT_BUNDLE_IDENTIFIER = com.isisnaomi.till.Till.Countdowns;
				PRODUCT_NAME = "$(TARGET_NAME)";
				SKIP_INSTALL = YES;
				SWIFT_VERSION = 5.0;
				TARGETED_DEVICE_FAMILY = "1,2";
			};
			name = Release;
		};
		C4DB30EC2357DFF900EE6663 /* Debug */ = {
			isa = XCBuildConfiguration;
			buildSettings = {
				ALWAYS_SEARCH_USER_PATHS = NO;
				CLANG_ANALYZER_NONNULL = YES;
				CLANG_ANALYZER_NUMBER_OBJECT_CONVERSION = YES_AGGRESSIVE;
				CLANG_CXX_LANGUAGE_STANDARD = "gnu++14";
				CLANG_CXX_LIBRARY = "libc++";
				CLANG_ENABLE_MODULES = YES;
				CLANG_ENABLE_OBJC_ARC = YES;
				CLANG_ENABLE_OBJC_WEAK = YES;
				CLANG_WARN_BLOCK_CAPTURE_AUTORELEASING = YES;
				CLANG_WARN_BOOL_CONVERSION = YES;
				CLANG_WARN_COMMA = YES;
				CLANG_WARN_CONSTANT_CONVERSION = YES;
				CLANG_WARN_DEPRECATED_OBJC_IMPLEMENTATIONS = YES;
				CLANG_WARN_DIRECT_OBJC_ISA_USAGE = YES_ERROR;
				CLANG_WARN_DOCUMENTATION_COMMENTS = YES;
				CLANG_WARN_EMPTY_BODY = YES;
				CLANG_WARN_ENUM_CONVERSION = YES;
				CLANG_WARN_INFINITE_RECURSION = YES;
				CLANG_WARN_INT_CONVERSION = YES;
				CLANG_WARN_NON_LITERAL_NULL_CONVERSION = YES;
				CLANG_WARN_OBJC_IMPLICIT_RETAIN_SELF = YES;
				CLANG_WARN_OBJC_LITERAL_CONVERSION = YES;
				CLANG_WARN_OBJC_ROOT_CLASS = YES_ERROR;
				CLANG_WARN_RANGE_LOOP_ANALYSIS = YES;
				CLANG_WARN_STRICT_PROTOTYPES = YES;
				CLANG_WARN_SUSPICIOUS_MOVE = YES;
				CLANG_WARN_UNGUARDED_AVAILABILITY = YES_AGGRESSIVE;
				CLANG_WARN_UNREACHABLE_CODE = YES;
				CLANG_WARN__DUPLICATE_METHOD_MATCH = YES;
				COPY_PHASE_STRIP = NO;
				DEBUG_INFORMATION_FORMAT = dwarf;
				ENABLE_STRICT_OBJC_MSGSEND = YES;
				ENABLE_TESTABILITY = YES;
				GCC_C_LANGUAGE_STANDARD = gnu11;
				GCC_DYNAMIC_NO_PIC = NO;
				GCC_NO_COMMON_BLOCKS = YES;
				GCC_OPTIMIZATION_LEVEL = 0;
				GCC_PREPROCESSOR_DEFINITIONS = (
					"DEBUG=1",
					"$(inherited)",
				);
				GCC_WARN_64_TO_32_BIT_CONVERSION = YES;
				GCC_WARN_ABOUT_RETURN_TYPE = YES_ERROR;
				GCC_WARN_UNDECLARED_SELECTOR = YES;
				GCC_WARN_UNINITIALIZED_AUTOS = YES_AGGRESSIVE;
				GCC_WARN_UNUSED_FUNCTION = YES;
				GCC_WARN_UNUSED_VARIABLE = YES;
				IPHONEOS_DEPLOYMENT_TARGET = 13.2;
				MTL_ENABLE_DEBUG_INFO = INCLUDE_SOURCE;
				MTL_FAST_MATH = YES;
				ONLY_ACTIVE_ARCH = YES;
				SDKROOT = iphoneos;
				SWIFT_ACTIVE_COMPILATION_CONDITIONS = DEBUG;
				SWIFT_OPTIMIZATION_LEVEL = "-Onone";
			};
			name = Debug;
		};
		C4DB30ED2357DFF900EE6663 /* Release */ = {
			isa = XCBuildConfiguration;
			buildSettings = {
				ALWAYS_SEARCH_USER_PATHS = NO;
				CLANG_ANALYZER_NONNULL = YES;
				CLANG_ANALYZER_NUMBER_OBJECT_CONVERSION = YES_AGGRESSIVE;
				CLANG_CXX_LANGUAGE_STANDARD = "gnu++14";
				CLANG_CXX_LIBRARY = "libc++";
				CLANG_ENABLE_MODULES = YES;
				CLANG_ENABLE_OBJC_ARC = YES;
				CLANG_ENABLE_OBJC_WEAK = YES;
				CLANG_WARN_BLOCK_CAPTURE_AUTORELEASING = YES;
				CLANG_WARN_BOOL_CONVERSION = YES;
				CLANG_WARN_COMMA = YES;
				CLANG_WARN_CONSTANT_CONVERSION = YES;
				CLANG_WARN_DEPRECATED_OBJC_IMPLEMENTATIONS = YES;
				CLANG_WARN_DIRECT_OBJC_ISA_USAGE = YES_ERROR;
				CLANG_WARN_DOCUMENTATION_COMMENTS = YES;
				CLANG_WARN_EMPTY_BODY = YES;
				CLANG_WARN_ENUM_CONVERSION = YES;
				CLANG_WARN_INFINITE_RECURSION = YES;
				CLANG_WARN_INT_CONVERSION = YES;
				CLANG_WARN_NON_LITERAL_NULL_CONVERSION = YES;
				CLANG_WARN_OBJC_IMPLICIT_RETAIN_SELF = YES;
				CLANG_WARN_OBJC_LITERAL_CONVERSION = YES;
				CLANG_WARN_OBJC_ROOT_CLASS = YES_ERROR;
				CLANG_WARN_RANGE_LOOP_ANALYSIS = YES;
				CLANG_WARN_STRICT_PROTOTYPES = YES;
				CLANG_WARN_SUSPICIOUS_MOVE = YES;
				CLANG_WARN_UNGUARDED_AVAILABILITY = YES_AGGRESSIVE;
				CLANG_WARN_UNREACHABLE_CODE = YES;
				CLANG_WARN__DUPLICATE_METHOD_MATCH = YES;
				COPY_PHASE_STRIP = NO;
				DEBUG_INFORMATION_FORMAT = "dwarf-with-dsym";
				ENABLE_NS_ASSERTIONS = NO;
				ENABLE_STRICT_OBJC_MSGSEND = YES;
				GCC_C_LANGUAGE_STANDARD = gnu11;
				GCC_NO_COMMON_BLOCKS = YES;
				GCC_WARN_64_TO_32_BIT_CONVERSION = YES;
				GCC_WARN_ABOUT_RETURN_TYPE = YES_ERROR;
				GCC_WARN_UNDECLARED_SELECTOR = YES;
				GCC_WARN_UNINITIALIZED_AUTOS = YES_AGGRESSIVE;
				GCC_WARN_UNUSED_FUNCTION = YES;
				GCC_WARN_UNUSED_VARIABLE = YES;
				IPHONEOS_DEPLOYMENT_TARGET = 13.2;
				MTL_ENABLE_DEBUG_INFO = NO;
				MTL_FAST_MATH = YES;
				SDKROOT = iphoneos;
				SWIFT_COMPILATION_MODE = wholemodule;
				SWIFT_OPTIMIZATION_LEVEL = "-O";
				VALIDATE_PRODUCT = YES;
			};
			name = Release;
		};
		C4DB30EF2357DFF900EE6663 /* Debug */ = {
			isa = XCBuildConfiguration;
			baseConfigurationReference = 63929712306151C1AE0CE9B8 /* Pods-Till.debug.xcconfig */;
			buildSettings = {
				ALWAYS_EMBED_SWIFT_STANDARD_LIBRARIES = YES;
				ASSETCATALOG_COMPILER_APPICON_NAME = AppIcon;
				CODE_SIGN_ENTITLEMENTS = Till/Till.entitlements;
				CODE_SIGN_STYLE = Automatic;
				CURRENT_PROJECT_VERSION = 1;
				DEVELOPMENT_ASSET_PATHS = "\"Till/Preview Content\"";
				DEVELOPMENT_TEAM = KPNMCQ7J3G;
				ENABLE_PREVIEWS = YES;
				INFOPLIST_FILE = Till/Info.plist;
				LD_RUNPATH_SEARCH_PATHS = (
					"$(inherited)",
					"@executable_path/Frameworks",
				);
				MARKETING_VERSION = 1.3;
				PRODUCT_BUNDLE_IDENTIFIER = com.isisnaomi.till.Till;
				PRODUCT_NAME = "$(TARGET_NAME)";
				SWIFT_VERSION = 5.0;
				TARGETED_DEVICE_FAMILY = "1,2";
			};
			name = Debug;
		};
		C4DB30F02357DFF900EE6663 /* Release */ = {
			isa = XCBuildConfiguration;
			baseConfigurationReference = 36A3352AFB43C0E83563C3DC /* Pods-Till.release.xcconfig */;
			buildSettings = {
				ALWAYS_EMBED_SWIFT_STANDARD_LIBRARIES = YES;
				ASSETCATALOG_COMPILER_APPICON_NAME = AppIcon;
				CODE_SIGN_ENTITLEMENTS = Till/Till.entitlements;
				CODE_SIGN_STYLE = Automatic;
				CURRENT_PROJECT_VERSION = 1;
				DEVELOPMENT_ASSET_PATHS = "\"Till/Preview Content\"";
				DEVELOPMENT_TEAM = KPNMCQ7J3G;
				ENABLE_PREVIEWS = YES;
				INFOPLIST_FILE = Till/Info.plist;
				LD_RUNPATH_SEARCH_PATHS = (
					"$(inherited)",
					"@executable_path/Frameworks",
				);
				MARKETING_VERSION = 1.3;
				PRODUCT_BUNDLE_IDENTIFIER = com.isisnaomi.till.Till;
				PRODUCT_NAME = "$(TARGET_NAME)";
				SWIFT_VERSION = 5.0;
				TARGETED_DEVICE_FAMILY = "1,2";
			};
			name = Release;
		};
/* End XCBuildConfiguration section */

/* Begin XCConfigurationList section */
		C473535F24678D7A00688821 /* Build configuration list for PBXNativeTarget "Countdowns" */ = {
			isa = XCConfigurationList;
			buildConfigurations = (
				C473535D24678D7A00688821 /* Debug */,
				C473535E24678D7A00688821 /* Release */,
			);
			defaultConfigurationIsVisible = 0;
			defaultConfigurationName = Release;
		};
		C4DB30D52357DFF700EE6663 /* Build configuration list for PBXProject "Till" */ = {
			isa = XCConfigurationList;
			buildConfigurations = (
				C4DB30EC2357DFF900EE6663 /* Debug */,
				C4DB30ED2357DFF900EE6663 /* Release */,
			);
			defaultConfigurationIsVisible = 0;
			defaultConfigurationName = Release;
		};
		C4DB30EE2357DFF900EE6663 /* Build configuration list for PBXNativeTarget "Till" */ = {
			isa = XCConfigurationList;
			buildConfigurations = (
				C4DB30EF2357DFF900EE6663 /* Debug */,
				C4DB30F02357DFF900EE6663 /* Release */,
			);
			defaultConfigurationIsVisible = 0;
			defaultConfigurationName = Release;
		};
/* End XCConfigurationList section */

/* Begin XCVersionGroup section */
		C4B5F144235933C300182891 /* Till.xcdatamodeld */ = {
			isa = XCVersionGroup;
			children = (
				C4B5F145235933C300182891 /* Model.xcdatamodel */,
			);
			currentVersion = C4B5F145235933C300182891 /* Model.xcdatamodel */;
			path = Till.xcdatamodeld;
			sourceTree = "<group>";
			versionGroupType = wrapper.xcdatamodel;
		};
/* End XCVersionGroup section */
	};
	rootObject = C4DB30D22357DFF700EE6663 /* Project object */;
}
